
Microsoft Visual Studio Solution File, Format Version 12.00
# Visual Studio Version 17
VisualStudioVersion = 17.14.36109.1
MinimumVisualStudioVersion = 10.0.40219.1
Project("{FAE04EC0-301F-11D3-BF4B-00C04F79EFBC}") = "OnlineBookstore.AppHost", "OnlineBookstore.AppHost\OnlineBookstore.AppHost.csproj", "{49AB7175-5E95-4CCB-8632-E40A1458540A}"
EndProject
Project("{FAE04EC0-301F-11D3-BF4B-00C04F79EFBC}") = "OnlineBookstore.ServiceDefaults", "OnlineBookstore.ServiceDefaults\OnlineBookstore.ServiceDefaults.csproj", "{65093115-86F9-8924-4713-337FA5DF9976}"
EndProject
Project("{FAE04EC0-301F-11D3-BF4B-00C04F79EFBC}") = "OnlineBookstore.Web", "OnlineBookstore.Web\OnlineBookstore.Web.csproj", "{1573FB5E-77B5-91C0-758F-3C36D3FA3D12}"
EndProject
Global
	GlobalSection(SolutionConfigurationPlatforms) = preSolution
		Debug|Any CPU = Debug|Any CPU
		Release|Any CPU = Release|Any CPU
	EndGlobalSection
	GlobalSection(ProjectConfigurationPlatforms) = postSolution
		{49AB7175-5E95-4CCB-8632-E40A1458540A}.Debug|Any CPU.ActiveCfg = Debug|Any CPU
		{49AB7175-5E95-4CCB-8632-E40A1458540A}.Debug|Any CPU.Build.0 = Debug|Any CPU
		{49AB7175-5E95-4CCB-8632-E40A1458540A}.Release|Any CPU.ActiveCfg = Release|Any CPU
		{49AB7175-5E95-4CCB-8632-E40A1458540A}.Release|Any CPU.Build.0 = Release|Any CPU
		{65093115-86F9-8924-4713-337FA5DF9976}.Debug|Any CPU.ActiveCfg = Debug|Any CPU
		{65093115-86F9-8924-4713-337FA5DF9976}.Debug|Any CPU.Build.0 = Debug|Any CPU
		{65093115-86F9-8924-4713-337FA5DF9976}.Release|Any CPU.ActiveCfg = Release|Any CPU
		{65093115-86F9-8924-4713-337FA5DF9976}.Release|Any CPU.Build.0 = Release|Any CPU
		{1573FB5E-77B5-91C0-758F-3C36D3FA3D12}.Debug|Any CPU.ActiveCfg = Debug|Any CPU
		{1573FB5E-77B5-91C0-758F-3C36D3FA3D12}.Debug|Any CPU.Build.0 = Debug|Any CPU
		{1573FB5E-77B5-91C0-758F-3C36D3FA3D12}.Release|Any CPU.ActiveCfg = Release|Any CPU
		{1573FB5E-77B5-91C0-758F-3C36D3FA3D12}.Release|Any CPU.Build.0 = Release|Any CPU
	EndGlobalSection
	GlobalSection(SolutionProperties) = preSolution
		HideSolutionNode = FALSE
	EndGlobalSection
	GlobalSection(ExtensibilityGlobals) = postSolution
		SolutionGuid = {91D6167C-BDCB-45D1-A4FC-595382656363}
	EndGlobalSection
EndGlobal
